
Microsoft Visual Studio Solution File, Format Version 12.00
# Visual Studio Version 17
VisualStudioVersion = 17.6.33723.286
MinimumVisualStudioVersion = 10.0.40219.1
Project("{FAE04EC0-301F-11D3-BF4B-00C04F79EFBC}") = "DateTime", "DateTime.csproj", "{DBD329FA-350A-46F7-B7EC-DA684F54BB6C}"
EndProject
Global
	GlobalSection(SolutionConfigurationPlatforms) = preSolution
		Debug|Any CPU = Debug|Any CPU
		Release|Any CPU = Release|Any CPU
	EndGlobalSection
	GlobalSection(ProjectConfigurationPlatforms) = postSolution
		{DBD329FA-350A-46F7-B7EC-DA684F54BB6C}.Debug|Any CPU.ActiveCfg = Debug|Any CPU
		{DBD329FA-350A-46F7-B7EC-DA684F54BB6C}.Debug|Any CPU.Build.0 = Debug|Any CPU
		{DBD329FA-350A-46F7-B7EC-DA684F54BB6C}.Release|Any CPU.ActiveCfg = Release|Any CPU
		{DBD329FA-350A-46F7-B7EC-DA684F54BB6C}.Release|Any CPU.Build.0 = Release|Any CPU
	EndGlobalSection
	GlobalSection(SolutionProperties) = preSolution
		HideSolutionNode = FALSE
	EndGlobalSection
	GlobalSection(ExtensibilityGlobals) = postSolution
		SolutionGuid = {61E42CCB-D909-4820-AC8F-195E47A04D67}
	EndGlobalSection
EndGlobal
