
Microsoft Visual Studio Solution File, Format Version 12.00
# Visual Studio Version 17
VisualStudioVersion = 17.6.33829.357
MinimumVisualStudioVersion = 10.0.40219.1
Project("{FAE04EC0-301F-11D3-BF4B-00C04F79EFBC}") = "classes1", "classes1.csproj", "{CE11E28F-447D-4B18-A3B4-52DAAFEC0C86}"
EndProject
Global
	GlobalSection(SolutionConfigurationPlatforms) = preSolution
		Debug|Any CPU = Debug|Any CPU
		Release|Any CPU = Release|Any CPU
	EndGlobalSection
	GlobalSection(ProjectConfigurationPlatforms) = postSolution
		{CE11E28F-447D-4B18-A3B4-52DAAFEC0C86}.Debug|Any CPU.ActiveCfg = Debug|Any CPU
		{CE11E28F-447D-4B18-A3B4-52DAAFEC0C86}.Debug|Any CPU.Build.0 = Debug|Any CPU
		{CE11E28F-447D-4B18-A3B4-52DAAFEC0C86}.Release|Any CPU.ActiveCfg = Release|Any CPU
		{CE11E28F-447D-4B18-A3B4-52DAAFEC0C86}.Release|Any CPU.Build.0 = Release|Any CPU
	EndGlobalSection
	GlobalSection(SolutionProperties) = preSolution
		HideSolutionNode = FALSE
	EndGlobalSection
	GlobalSection(ExtensibilityGlobals) = postSolution
		SolutionGuid = {5B803898-7603-4DD4-BE28-6BC06D82895D}
	EndGlobalSection
EndGlobal
