
Microsoft Visual Studio Solution File, Format Version 12.00
# Visual Studio Version 16
VisualStudioVersion = 16.0.31727.386
MinimumVisualStudioVersion = 10.0.40219.1
Project("{FAE04EC0-301F-11D3-BF4B-00C04F79EFBC}") = "loops1", "loops1.csproj", "{0A673CBD-C82C-4DFE-B25D-B4200E236245}"
EndProject
Global
	GlobalSection(SolutionConfigurationPlatforms) = preSolution
		Debug|Any CPU = Debug|Any CPU
		Release|Any CPU = Release|Any CPU
	EndGlobalSection
	GlobalSection(ProjectConfigurationPlatforms) = postSolution
		{0A673CBD-C82C-4DFE-B25D-B4200E236245}.Debug|Any CPU.ActiveCfg = Debug|Any CPU
		{0A673CBD-C82C-4DFE-B25D-B4200E236245}.Debug|Any CPU.Build.0 = Debug|Any CPU
		{0A673CBD-C82C-4DFE-B25D-B4200E236245}.Release|Any CPU.ActiveCfg = Release|Any CPU
		{0A673CBD-C82C-4DFE-B25D-B4200E236245}.Release|Any CPU.Build.0 = Release|Any CPU
	EndGlobalSection
	GlobalSection(SolutionProperties) = preSolution
		HideSolutionNode = FALSE
	EndGlobalSection
	GlobalSection(ExtensibilityGlobals) = postSolution
		SolutionGuid = {7F18135C-F827-4D55-885A-D223B9700C82}
	EndGlobalSection
EndGlobal
