
Microsoft Visual Studio Solution File, Format Version 12.00
# Visual Studio Version 17
VisualStudioVersion = 17.6.33723.286
MinimumVisualStudioVersion = 10.0.40219.1
Project("{FAE04EC0-301F-11D3-BF4B-00C04F79EFBC}") = "AccessModifiers1", "AccessModifiers1.csproj", "{95F8106F-11D8-4D4E-8FF4-D36F236C97A9}"
EndProject
Project("{FAE04EC0-301F-11D3-BF4B-00C04F79EFBC}") = "Amazon1", "..\Amazon1\Amazon1.csproj", "{73B3E0BB-9972-4E73-95A3-ABA8E8CF321A}"
EndProject
Global
	GlobalSection(SolutionConfigurationPlatforms) = preSolution
		Debug|Any CPU = Debug|Any CPU
		Release|Any CPU = Release|Any CPU
	EndGlobalSection
	GlobalSection(ProjectConfigurationPlatforms) = postSolution
		{95F8106F-11D8-4D4E-8FF4-D36F236C97A9}.Debug|Any CPU.ActiveCfg = Debug|Any CPU
		{95F8106F-11D8-4D4E-8FF4-D36F236C97A9}.Debug|Any CPU.Build.0 = Debug|Any CPU
		{95F8106F-11D8-4D4E-8FF4-D36F236C97A9}.Release|Any CPU.ActiveCfg = Release|Any CPU
		{95F8106F-11D8-4D4E-8FF4-D36F236C97A9}.Release|Any CPU.Build.0 = Release|Any CPU
		{73B3E0BB-9972-4E73-95A3-ABA8E8CF321A}.Debug|Any CPU.ActiveCfg = Debug|Any CPU
		{73B3E0BB-9972-4E73-95A3-ABA8E8CF321A}.Debug|Any CPU.Build.0 = Debug|Any CPU
		{73B3E0BB-9972-4E73-95A3-ABA8E8CF321A}.Release|Any CPU.ActiveCfg = Release|Any CPU
		{73B3E0BB-9972-4E73-95A3-ABA8E8CF321A}.Release|Any CPU.Build.0 = Release|Any CPU
	EndGlobalSection
	GlobalSection(SolutionProperties) = preSolution
		HideSolutionNode = FALSE
	EndGlobalSection
	GlobalSection(ExtensibilityGlobals) = postSolution
		SolutionGuid = {2B00379B-5CD1-497D-BDFB-534EB0C340EF}
	EndGlobalSection
EndGlobal
