
Microsoft Visual Studio Solution File, Format Version 12.00
# Visual Studio Version 17
VisualStudioVersion = 17.6.33723.286
MinimumVisualStudioVersion = 10.0.40219.1
Project("{FAE04EC0-301F-11D3-BF4B-00C04F79EFBC}") = "Variables", "Variables.csproj", "{AEC490BC-ABBF-4865-8282-EA1E4D79D685}"
EndProject
Global
	GlobalSection(SolutionConfigurationPlatforms) = preSolution
		Debug|Any CPU = Debug|Any CPU
		Release|Any CPU = Release|Any CPU
	EndGlobalSection
	GlobalSection(ProjectConfigurationPlatforms) = postSolution
		{AEC490BC-ABBF-4865-8282-EA1E4D79D685}.Debug|Any CPU.ActiveCfg = Debug|Any CPU
		{AEC490BC-ABBF-4865-8282-EA1E4D79D685}.Debug|Any CPU.Build.0 = Debug|Any CPU
		{AEC490BC-ABBF-4865-8282-EA1E4D79D685}.Release|Any CPU.ActiveCfg = Release|Any CPU
		{AEC490BC-ABBF-4865-8282-EA1E4D79D685}.Release|Any CPU.Build.0 = Release|Any CPU
	EndGlobalSection
	GlobalSection(SolutionProperties) = preSolution
		HideSolutionNode = FALSE
	EndGlobalSection
	GlobalSection(ExtensibilityGlobals) = postSolution
		SolutionGuid = {B0C501B2-17C0-4148-A87C-947E882042EF}
	EndGlobalSection
EndGlobal
