
Microsoft Visual Studio Solution File, Format Version 12.00
# Visual Studio Version 17
VisualStudioVersion = 17.6.33723.286
MinimumVisualStudioVersion = 10.0.40219.1
Project("{9A19103F-16F7-4668-BE54-9A1E7A4F7556}") = "ExerciseCasting", "ExerciseCasting.csproj", "{0859CD7F-C8DD-4C38-A904-78F43E6BC9EF}"
EndProject
Global
	GlobalSection(SolutionConfigurationPlatforms) = preSolution
		Debug|Any CPU = Debug|Any CPU
		Release|Any CPU = Release|Any CPU
	EndGlobalSection
	GlobalSection(ProjectConfigurationPlatforms) = postSolution
		{0859CD7F-C8DD-4C38-A904-78F43E6BC9EF}.Debug|Any CPU.ActiveCfg = Debug|Any CPU
		{0859CD7F-C8DD-4C38-A904-78F43E6BC9EF}.Debug|Any CPU.Build.0 = Debug|Any CPU
		{0859CD7F-C8DD-4C38-A904-78F43E6BC9EF}.Release|Any CPU.ActiveCfg = Release|Any CPU
		{0859CD7F-C8DD-4C38-A904-78F43E6BC9EF}.Release|Any CPU.Build.0 = Release|Any CPU
	EndGlobalSection
	GlobalSection(SolutionProperties) = preSolution
		HideSolutionNode = FALSE
	EndGlobalSection
	GlobalSection(ExtensibilityGlobals) = postSolution
		SolutionGuid = {1FDF6A43-A4DF-4D50-8C6C-E2C9B586F1C3}
	EndGlobalSection
EndGlobal
