
Microsoft Visual Studio Solution File, Format Version 12.00
# Visual Studio Version 17
VisualStudioVersion = 17.6.33723.286
MinimumVisualStudioVersion = 10.0.40219.1
Project("{FAE04EC0-301F-11D3-BF4B-00C04F79EFBC}") = "HelloWorld", "HelloWorld.csproj", "{97FAD911-C0C8-41A3-9874-1BFB7E95A4F4}"
EndProject
Global
	GlobalSection(SolutionConfigurationPlatforms) = preSolution
		Debug|Any CPU = Debug|Any CPU
		Release|Any CPU = Release|Any CPU
	EndGlobalSection
	GlobalSection(ProjectConfigurationPlatforms) = postSolution
		{97FAD911-C0C8-41A3-9874-1BFB7E95A4F4}.Debug|Any CPU.ActiveCfg = Debug|Any CPU
		{97FAD911-C0C8-41A3-9874-1BFB7E95A4F4}.Debug|Any CPU.Build.0 = Debug|Any CPU
		{97FAD911-C0C8-41A3-9874-1BFB7E95A4F4}.Release|Any CPU.ActiveCfg = Release|Any CPU
		{97FAD911-C0C8-41A3-9874-1BFB7E95A4F4}.Release|Any CPU.Build.0 = Release|Any CPU
	EndGlobalSection
	GlobalSection(SolutionProperties) = preSolution
		HideSolutionNode = FALSE
	EndGlobalSection
	GlobalSection(ExtensibilityGlobals) = postSolution
		SolutionGuid = {DF3A6B95-B01B-4316-BF62-8C93ED87635E}
	EndGlobalSection
EndGlobal
