
Microsoft Visual Studio Solution File, Format Version 12.00
# Visual Studio Version 17
VisualStudioVersion = 17.6.33723.286
MinimumVisualStudioVersion = 10.0.40219.1
Project("{FAE04EC0-301F-11D3-BF4B-00C04F79EFBC}") = "Loops", "Loops.csproj", "{91DDA050-8AE8-498A-B819-770C23818245}"
EndProject
Global
	GlobalSection(SolutionConfigurationPlatforms) = preSolution
		Debug|Any CPU = Debug|Any CPU
		Release|Any CPU = Release|Any CPU
	EndGlobalSection
	GlobalSection(ProjectConfigurationPlatforms) = postSolution
		{91DDA050-8AE8-498A-B819-770C23818245}.Debug|Any CPU.ActiveCfg = Debug|Any CPU
		{91DDA050-8AE8-498A-B819-770C23818245}.Debug|Any CPU.Build.0 = Debug|Any CPU
		{91DDA050-8AE8-498A-B819-770C23818245}.Release|Any CPU.ActiveCfg = Release|Any CPU
		{91DDA050-8AE8-498A-B819-770C23818245}.Release|Any CPU.Build.0 = Release|Any CPU
	EndGlobalSection
	GlobalSection(SolutionProperties) = preSolution
		HideSolutionNode = FALSE
	EndGlobalSection
	GlobalSection(ExtensibilityGlobals) = postSolution
		SolutionGuid = {8E2480EE-FB31-43FA-8ADF-90E0601E5239}
	EndGlobalSection
EndGlobal
