
Microsoft Visual Studio Solution File, Format Version 12.00
# Visual Studio Version 16
VisualStudioVersion = 16.0.31727.386
MinimumVisualStudioVersion = 10.0.40219.1
Project("{FAE04EC0-301F-11D3-BF4B-00C04F79EFBC}") = "Lists1", "Lists1.csproj", "{1E3F7C84-AFBD-436E-AE89-BE00B3417FA0}"
EndProject
Global
	GlobalSection(SolutionConfigurationPlatforms) = preSolution
		Debug|Any CPU = Debug|Any CPU
		Release|Any CPU = Release|Any CPU
	EndGlobalSection
	GlobalSection(ProjectConfigurationPlatforms) = postSolution
		{1E3F7C84-AFBD-436E-AE89-BE00B3417FA0}.Debug|Any CPU.ActiveCfg = Debug|Any CPU
		{1E3F7C84-AFBD-436E-AE89-BE00B3417FA0}.Debug|Any CPU.Build.0 = Debug|Any CPU
		{1E3F7C84-AFBD-436E-AE89-BE00B3417FA0}.Release|Any CPU.ActiveCfg = Release|Any CPU
		{1E3F7C84-AFBD-436E-AE89-BE00B3417FA0}.Release|Any CPU.Build.0 = Release|Any CPU
	EndGlobalSection
	GlobalSection(SolutionProperties) = preSolution
		HideSolutionNode = FALSE
	EndGlobalSection
	GlobalSection(ExtensibilityGlobals) = postSolution
		SolutionGuid = {DF622322-517F-4A21-802F-0A13A896FFC6}
	EndGlobalSection
EndGlobal
