
Microsoft Visual Studio Solution File, Format Version 12.00
# Visual Studio Version 17
VisualStudioVersion = 17.5.001.0
MinimumVisualStudioVersion = 10.0.40219.1
Project("{9A19103F-16F7-4668-BE54-9A1E7A4F7556}") = "BlazingPizza", "BlazingPizza.csproj", "{ADA4D9A2-6667-47CC-9664-9697C85B23CD}"
EndProject
Global
	GlobalSection(SolutionConfigurationPlatforms) = preSolution
		Debug|Any CPU = Debug|Any CPU
		Release|Any CPU = Release|Any CPU
	EndGlobalSection
	GlobalSection(ProjectConfigurationPlatforms) = postSolution
		{ADA4D9A2-6667-47CC-9664-9697C85B23CD}.Debug|Any CPU.ActiveCfg = Debug|Any CPU
		{ADA4D9A2-6667-47CC-9664-9697C85B23CD}.Debug|Any CPU.Build.0 = Debug|Any CPU
		{ADA4D9A2-6667-47CC-9664-9697C85B23CD}.Release|Any CPU.ActiveCfg = Release|Any CPU
		{ADA4D9A2-6667-47CC-9664-9697C85B23CD}.Release|Any CPU.Build.0 = Release|Any CPU
	EndGlobalSection
	GlobalSection(SolutionProperties) = preSolution
		HideSolutionNode = FALSE
	EndGlobalSection
	GlobalSection(ExtensibilityGlobals) = postSolution
		SolutionGuid = {B5E01D7F-0362-4058-BA94-9C93A5205524}
	EndGlobalSection
EndGlobal
