
Microsoft Visual Studio Solution File, Format Version 12.00
# Visual Studio Version 17
VisualStudioVersion = 17.6.33723.286
MinimumVisualStudioVersion = 10.0.40219.1
Project("{FAE04EC0-301F-11D3-BF4B-00C04F79EFBC}") = "Lists1", "Lists1.csproj", "{6E15237C-E118-421C-9D08-A5C5FFAD33A4}"
EndProject
Global
	GlobalSection(SolutionConfigurationPlatforms) = preSolution
		Debug|Any CPU = Debug|Any CPU
		Release|Any CPU = Release|Any CPU
	EndGlobalSection
	GlobalSection(ProjectConfigurationPlatforms) = postSolution
		{6E15237C-E118-421C-9D08-A5C5FFAD33A4}.Debug|Any CPU.ActiveCfg = Debug|Any CPU
		{6E15237C-E118-421C-9D08-A5C5FFAD33A4}.Debug|Any CPU.Build.0 = Debug|Any CPU
		{6E15237C-E118-421C-9D08-A5C5FFAD33A4}.Release|Any CPU.ActiveCfg = Release|Any CPU
		{6E15237C-E118-421C-9D08-A5C5FFAD33A4}.Release|Any CPU.Build.0 = Release|Any CPU
	EndGlobalSection
	GlobalSection(SolutionProperties) = preSolution
		HideSolutionNode = FALSE
	EndGlobalSection
	GlobalSection(ExtensibilityGlobals) = postSolution
		SolutionGuid = {6555AD08-197C-43DA-BA50-F63B90BE0F19}
	EndGlobalSection
EndGlobal
