
Microsoft Visual Studio Solution File, Format Version 12.00
# Visual Studio Version 17
VisualStudioVersion = 17.6.33723.286
MinimumVisualStudioVersion = 10.0.40219.1
Project("{FAE04EC0-301F-11D3-BF4B-00C04F79EFBC}") = "jwttoken1", "jwttoken1.csproj", "{789A298B-46C7-4FE2-BAD9-282D011D4099}"
EndProject
Global
	GlobalSection(SolutionConfigurationPlatforms) = preSolution
		Debug|Any CPU = Debug|Any CPU
		Release|Any CPU = Release|Any CPU
	EndGlobalSection
	GlobalSection(ProjectConfigurationPlatforms) = postSolution
		{789A298B-46C7-4FE2-BAD9-282D011D4099}.Debug|Any CPU.ActiveCfg = Debug|Any CPU
		{789A298B-46C7-4FE2-BAD9-282D011D4099}.Debug|Any CPU.Build.0 = Debug|Any CPU
		{789A298B-46C7-4FE2-BAD9-282D011D4099}.Release|Any CPU.ActiveCfg = Release|Any CPU
		{789A298B-46C7-4FE2-BAD9-282D011D4099}.Release|Any CPU.Build.0 = Release|Any CPU
	EndGlobalSection
	GlobalSection(SolutionProperties) = preSolution
		HideSolutionNode = FALSE
	EndGlobalSection
	GlobalSection(ExtensibilityGlobals) = postSolution
		SolutionGuid = {0A582537-B647-4ABD-A7BB-A521301E6601}
	EndGlobalSection
EndGlobal
