
Microsoft Visual Studio Solution File, Format Version 12.00
# Visual Studio Version 17
VisualStudioVersion = 17.6.33829.357
MinimumVisualStudioVersion = 10.0.40219.1
Project("{FAE04EC0-301F-11D3-BF4B-00C04F79EFBC}") = "ModifiedCode", "ModifiedCode.csproj", "{A53CD507-BF86-4556-97CB-5C5169877BFC}"
EndProject
Global
	GlobalSection(SolutionConfigurationPlatforms) = preSolution
		Debug|Any CPU = Debug|Any CPU
		Release|Any CPU = Release|Any CPU
	EndGlobalSection
	GlobalSection(ProjectConfigurationPlatforms) = postSolution
		{A53CD507-BF86-4556-97CB-5C5169877BFC}.Debug|Any CPU.ActiveCfg = Debug|Any CPU
		{A53CD507-BF86-4556-97CB-5C5169877BFC}.Debug|Any CPU.Build.0 = Debug|Any CPU
		{A53CD507-BF86-4556-97CB-5C5169877BFC}.Release|Any CPU.ActiveCfg = Release|Any CPU
		{A53CD507-BF86-4556-97CB-5C5169877BFC}.Release|Any CPU.Build.0 = Release|Any CPU
	EndGlobalSection
	GlobalSection(SolutionProperties) = preSolution
		HideSolutionNode = FALSE
	EndGlobalSection
	GlobalSection(ExtensibilityGlobals) = postSolution
		SolutionGuid = {6290923B-8D1A-42BE-AE3B-1BD2D657F8D7}
	EndGlobalSection
EndGlobal
